{
    "name": "project-b",
    "lockfileVersion": 2,
    "requires": true,
    "packages": {
        "": {
            "name": "project-b",
            "dependencies": {
                "openapi-client": "file:../generated/openapi-client"
            }
        },
        "../generated/openapi-client": {},
        "node_modules/openapi-client": {
            "resolved": "../generated/openapi-client",
            "link": true
        }
    },
    "dependencies": {
        "openapi-client": {
            "version": "file:../generated/openapi-client"
        }
    }
}
